{
  "name": "ironspider54.github.io",
  "lockfileVersion": 3,
  "requires": true,
  "packages": {
    "": {
      "dependencies": {
        "@builder.io/partytown": "^0.7.6",
        "www-redirect": "^1.0.4"
      }
    },
    "node_modules/@builder.io/partytown": {
      "version": "0.7.6",
      "resolved": "https://registry.npmjs.org/@builder.io/partytown/-/partytown-0.7.6.tgz",
      "integrity": "sha512-snXIGNiZpqjno3XYQN2lbBB+05hsQR/LSttbtIW1c0gmZ7Kh/DIo0YrxlDxCDulAMFPFM8J+4voLwvYepSj3sw==",
      "bin": {
        "partytown": "bin/partytown.cjs"
      }
    },
    "node_modules/www-redirect": {
      "version": "1.0.4",
      "resolved": "https://registry.npmjs.org/www-redirect/-/www-redirect-1.0.4.tgz",
      "integrity": "sha512-iU/tMXVA49IXrVWlcWXaX1x2fhc3YdQ7wWu5MWp8nLByufvWK1Ve2EkagSi5JwzjEhJhL0Xr9U4sYrtCRvqBLA=="
    }
  }
}
